
Microsoft Visual Studio Solution File, Format Version 12.00
# Visual Studio Version 16
VisualStudioVersion = 16.0.31624.102
MinimumVisualStudioVersion = 10.0.40219.1
Project("{9A19103F-16F7-4668-BE54-9A1E7A4F7556}") = "WanderlustPersistence", "..\WanderlustPersistence\WanderlustPersistence.csproj", "{3DE53F13-A8A6-4B1D-ABEF-32FEDED6C329}"
EndProject
Project("{9A19103F-16F7-4668-BE54-9A1E7A4F7556}") = "WanderlustService", "..\WanderlustService\WanderlustService.csproj", "{A21D981D-8C7F-4B7E-944F-0DD737A4274C}"
EndProject
Project("{9A19103F-16F7-4668-BE54-9A1E7A4F7556}") = "WanderlustResource", "..\WanderlustResource\WanderlustResource.csproj", "{214E1096-7034-4E14-BBC5-47642CA55CB7}"
EndProject
Project("{9A19103F-16F7-4668-BE54-9A1E7A4F7556}") = "WanderlustRest", "WanderlustRest.csproj", "{7E301615-3F4B-4018-B7BF-FA18F1B9F4C0}"
EndProject
Project("{9A19103F-16F7-4668-BE54-9A1E7A4F7556}") = "WanderlustInfrastructure", "..\WanderlustInfrastructure\WanderlustInfrastructure.csproj", "{6DEB910D-4E89-422B-B2D0-3A7C1EC0B8CC}"
EndProject
Project("{2150E333-8FDC-42A3-9474-1A3956D46DE8}") = "Test", "Test", "{8D446D84-CBEB-4FB3-905A-5F4D89125850}"
EndProject
Project("{FAE04EC0-301F-11D3-BF4B-00C04F79EFBC}") = "WanderlustPersistenceTest", "..\WanderlustPersistenceTest\WanderlustPersistenceTest.csproj", "{B73A4A9F-7906-455F-A08F-1AC51BCA99E8}"
EndProject
Global
	GlobalSection(SolutionConfigurationPlatforms) = preSolution
		Debug|Any CPU = Debug|Any CPU
		Release|Any CPU = Release|Any CPU
	EndGlobalSection
	GlobalSection(ProjectConfigurationPlatforms) = postSolution
		{3DE53F13-A8A6-4B1D-ABEF-32FEDED6C329}.Debug|Any CPU.ActiveCfg = Debug|Any CPU
		{3DE53F13-A8A6-4B1D-ABEF-32FEDED6C329}.Debug|Any CPU.Build.0 = Debug|Any CPU
		{3DE53F13-A8A6-4B1D-ABEF-32FEDED6C329}.Release|Any CPU.ActiveCfg = Release|Any CPU
		{3DE53F13-A8A6-4B1D-ABEF-32FEDED6C329}.Release|Any CPU.Build.0 = Release|Any CPU
		{A21D981D-8C7F-4B7E-944F-0DD737A4274C}.Debug|Any CPU.ActiveCfg = Debug|Any CPU
		{A21D981D-8C7F-4B7E-944F-0DD737A4274C}.Debug|Any CPU.Build.0 = Debug|Any CPU
		{A21D981D-8C7F-4B7E-944F-0DD737A4274C}.Release|Any CPU.ActiveCfg = Release|Any CPU
		{A21D981D-8C7F-4B7E-944F-0DD737A4274C}.Release|Any CPU.Build.0 = Release|Any CPU
		{214E1096-7034-4E14-BBC5-47642CA55CB7}.Debug|Any CPU.ActiveCfg = Debug|Any CPU
		{214E1096-7034-4E14-BBC5-47642CA55CB7}.Debug|Any CPU.Build.0 = Debug|Any CPU
		{214E1096-7034-4E14-BBC5-47642CA55CB7}.Release|Any CPU.ActiveCfg = Release|Any CPU
		{214E1096-7034-4E14-BBC5-47642CA55CB7}.Release|Any CPU.Build.0 = Release|Any CPU
		{7E301615-3F4B-4018-B7BF-FA18F1B9F4C0}.Debug|Any CPU.ActiveCfg = Debug|Any CPU
		{7E301615-3F4B-4018-B7BF-FA18F1B9F4C0}.Debug|Any CPU.Build.0 = Debug|Any CPU
		{7E301615-3F4B-4018-B7BF-FA18F1B9F4C0}.Release|Any CPU.ActiveCfg = Release|Any CPU
		{7E301615-3F4B-4018-B7BF-FA18F1B9F4C0}.Release|Any CPU.Build.0 = Release|Any CPU
		{6DEB910D-4E89-422B-B2D0-3A7C1EC0B8CC}.Debug|Any CPU.ActiveCfg = Debug|Any CPU
		{6DEB910D-4E89-422B-B2D0-3A7C1EC0B8CC}.Debug|Any CPU.Build.0 = Debug|Any CPU
		{6DEB910D-4E89-422B-B2D0-3A7C1EC0B8CC}.Release|Any CPU.ActiveCfg = Release|Any CPU
		{6DEB910D-4E89-422B-B2D0-3A7C1EC0B8CC}.Release|Any CPU.Build.0 = Release|Any CPU
		{B73A4A9F-7906-455F-A08F-1AC51BCA99E8}.Debug|Any CPU.ActiveCfg = Debug|Any CPU
		{B73A4A9F-7906-455F-A08F-1AC51BCA99E8}.Debug|Any CPU.Build.0 = Debug|Any CPU
		{B73A4A9F-7906-455F-A08F-1AC51BCA99E8}.Release|Any CPU.ActiveCfg = Release|Any CPU
		{B73A4A9F-7906-455F-A08F-1AC51BCA99E8}.Release|Any CPU.Build.0 = Release|Any CPU
	EndGlobalSection
	GlobalSection(SolutionProperties) = preSolution
		HideSolutionNode = FALSE
	EndGlobalSection
	GlobalSection(NestedProjects) = preSolution
		{B73A4A9F-7906-455F-A08F-1AC51BCA99E8} = {8D446D84-CBEB-4FB3-905A-5F4D89125850}
	EndGlobalSection
	GlobalSection(ExtensibilityGlobals) = postSolution
		SolutionGuid = {96D38349-E90E-49F9-80B9-54F963A7B87A}
	EndGlobalSection
EndGlobal
